
Microsoft Visual Studio Solution File, Format Version 12.00
# Visual Studio Version 16
VisualStudioVersion = 16.0.31410.357
MinimumVisualStudioVersion = 10.0.40219.1
Project("{9A19103F-16F7-4668-BE54-9A1E7A4F7556}") = "Vega", "Vega\Vega.csproj", "{7C2DB2C0-6A6E-43FC-8566-412C7149EC28}"
EndProject
Global
	GlobalSection(SolutionConfigurationPlatforms) = preSolution
		Debug|Any CPU = Debug|Any CPU
		Release|Any CPU = Release|Any CPU
	EndGlobalSection
	GlobalSection(ProjectConfigurationPlatforms) = postSolution
		{7C2DB2C0-6A6E-43FC-8566-412C7149EC28}.Debug|Any CPU.ActiveCfg = Debug|Any CPU
		{7C2DB2C0-6A6E-43FC-8566-412C7149EC28}.Debug|Any CPU.Build.0 = Debug|Any CPU
		{7C2DB2C0-6A6E-43FC-8566-412C7149EC28}.Release|Any CPU.ActiveCfg = Release|Any CPU
		{7C2DB2C0-6A6E-43FC-8566-412C7149EC28}.Release|Any CPU.Build.0 = Release|Any CPU
	EndGlobalSection
	GlobalSection(SolutionProperties) = preSolution
		HideSolutionNode = FALSE
	EndGlobalSection
	GlobalSection(ExtensibilityGlobals) = postSolution
		SolutionGuid = {17C18CB1-3447-4CCC-8B1D-8313B4AA7EA8}
	EndGlobalSection
EndGlobal
